
Microsoft Visual Studio Solution File, Format Version 12.00
# Visual Studio Version 16
VisualStudioVersion = 16.0.31321.278
MinimumVisualStudioVersion = 10.0.40219.1
Project("{9A19103F-16F7-4668-BE54-9A1E7A4F7556}") = "WebApplication1", "WebApplication1\WebApplication1.csproj", "{123B72AE-5E41-49A3-A5CB-1C9260ECE63B}"
EndProject
Project("{9A19103F-16F7-4668-BE54-9A1E7A4F7556}") = "ClassLibrary1", "ClassLibrary1\ClassLibrary1.csproj", "{F9EB8921-2FAA-4C28-A4F3-9CB5C674FE76}"
EndProject
Global
	GlobalSection(SolutionConfigurationPlatforms) = preSolution
		Debug|Any CPU = Debug|Any CPU
		Release|Any CPU = Release|Any CPU
	EndGlobalSection
	GlobalSection(ProjectConfigurationPlatforms) = postSolution
		{123B72AE-5E41-49A3-A5CB-1C9260ECE63B}.Debug|Any CPU.ActiveCfg = Debug|Any CPU
		{123B72AE-5E41-49A3-A5CB-1C9260ECE63B}.Debug|Any CPU.Build.0 = Debug|Any CPU
		{123B72AE-5E41-49A3-A5CB-1C9260ECE63B}.Release|Any CPU.ActiveCfg = Release|Any CPU
		{123B72AE-5E41-49A3-A5CB-1C9260ECE63B}.Release|Any CPU.Build.0 = Release|Any CPU
		{F9EB8921-2FAA-4C28-A4F3-9CB5C674FE76}.Debug|Any CPU.ActiveCfg = Debug|Any CPU
		{F9EB8921-2FAA-4C28-A4F3-9CB5C674FE76}.Debug|Any CPU.Build.0 = Debug|Any CPU
		{F9EB8921-2FAA-4C28-A4F3-9CB5C674FE76}.Release|Any CPU.ActiveCfg = Release|Any CPU
		{F9EB8921-2FAA-4C28-A4F3-9CB5C674FE76}.Release|Any CPU.Build.0 = Release|Any CPU
	EndGlobalSection
	GlobalSection(SolutionProperties) = preSolution
		HideSolutionNode = FALSE
	EndGlobalSection
	GlobalSection(ExtensibilityGlobals) = postSolution
		SolutionGuid = {B710491C-C62E-48EA-B216-FA2828AEAEB6}
	EndGlobalSection
EndGlobal
